Microsoft Visual Studio Solution File, Format Version 12.00
# Visual Studio 15
VisualStudioVersion = 15.0.27128.1
MinimumVisualStudioVersion = 10.0.40219.1
Project("{2150E333-8FDC-42A3-9474-1A3956D46DE8}") = "src", "src", "{ED583998-2F05-47AB-AA1D-82620C65D881}"
EndProject
Project("{2150E333-8FDC-42A3-9474-1A3956D46DE8}") = "tests", "tests", "{114A1391-0EA3-49A6-91E7-4D073FA69C89}"
EndProject
Project("{6EC3EE1D-3C4E-46DD-8F32-0CC8E7565705}") = "Design", "src\Design\Design.fsproj", "{22F18BE9-6A5F-40AB-BC7F-8F57FD4502D7}"
EndProject
Project("{6EC3EE1D-3C4E-46DD-8F32-0CC8E7565705}") = "DataAccess", "src\DataAccess\DataAccess.fsproj", "{50D5D003-C237-401E-BBB4-D04A0DB41434}"
EndProject
Project("{6EC3EE1D-3C4E-46DD-8F32-0CC8E7565705}") = "Business", "src\Business\Business.fsproj", "{DB2022E0-E722-4D1C-808D-670B38183866}"
EndProject
Project("{6EC3EE1D-3C4E-46DD-8F32-0CC8E7565705}") = "Api", "src\Api\Api.fsproj", "{42CD879D-E070-42C6-87D3-7F14F362DAAE}"
EndProject
Project("{6EC3EE1D-3C4E-46DD-8F32-0CC8E7565705}") = "Business.Tests", "tests\Business.Tests\Business.Tests.fsproj", "{A813A7F5-78C9-48E7-873F-B9C37B3C2C78}"
EndProject
Project("{6EC3EE1D-3C4E-46DD-8F32-0CC8E7565705}") = "DTO", "src\DTO\DTO.fsproj", "{1A8D3257-9D0F-41A6-B808-AD417E3370B5}"
EndProject
Project("{6EC3EE1D-3C4E-46DD-8F32-0CC8E7565705}") = "Shared", "src\Shared\Shared.fsproj", "{04766F13-6B64-4ED4-9182-F48ECA70166A}"
EndProject
Global
	GlobalSection(SolutionConfigurationPlatforms) = preSolution
		Debug|Any CPU = Debug|Any CPU
		Debug|x64 = Debug|x64
		Debug|x86 = Debug|x86
		Release|Any CPU = Release|Any CPU
		Release|x64 = Release|x64
		Release|x86 = Release|x86
	EndGlobalSection
	GlobalSection(ProjectConfigurationPlatforms) = postSolution
		{22F18BE9-6A5F-40AB-BC7F-8F57FD4502D7}.Debug|Any CPU.ActiveCfg = Debug|Any CPU
		{22F18BE9-6A5F-40AB-BC7F-8F57FD4502D7}.Debug|Any CPU.Build.0 = Debug|Any CPU
		{22F18BE9-6A5F-40AB-BC7F-8F57FD4502D7}.Debug|x64.ActiveCfg = Debug|Any CPU
		{22F18BE9-6A5F-40AB-BC7F-8F57FD4502D7}.Debug|x64.Build.0 = Debug|Any CPU
		{22F18BE9-6A5F-40AB-BC7F-8F57FD4502D7}.Debug|x86.ActiveCfg = Debug|Any CPU
		{22F18BE9-6A5F-40AB-BC7F-8F57FD4502D7}.Debug|x86.Build.0 = Debug|Any CPU
		{22F18BE9-6A5F-40AB-BC7F-8F57FD4502D7}.Release|Any CPU.ActiveCfg = Release|Any CPU
		{22F18BE9-6A5F-40AB-BC7F-8F57FD4502D7}.Release|Any CPU.Build.0 = Release|Any CPU
		{22F18BE9-6A5F-40AB-BC7F-8F57FD4502D7}.Release|x64.ActiveCfg = Release|Any CPU
		{22F18BE9-6A5F-40AB-BC7F-8F57FD4502D7}.Release|x64.Build.0 = Release|Any CPU
		{22F18BE9-6A5F-40AB-BC7F-8F57FD4502D7}.Release|x86.ActiveCfg = Release|Any CPU
		{22F18BE9-6A5F-40AB-BC7F-8F57FD4502D7}.Release|x86.Build.0 = Release|Any CPU
		{50D5D003-C237-401E-BBB4-D04A0DB41434}.Debug|Any CPU.ActiveCfg = Debug|Any CPU
		{50D5D003-C237-401E-BBB4-D04A0DB41434}.Debug|Any CPU.Build.0 = Debug|Any CPU
		{50D5D003-C237-401E-BBB4-D04A0DB41434}.Debug|x64.ActiveCfg = Debug|Any CPU
		{50D5D003-C237-401E-BBB4-D04A0DB41434}.Debug|x64.Build.0 = Debug|Any CPU
		{50D5D003-C237-401E-BBB4-D04A0DB41434}.Debug|x86.ActiveCfg = Debug|Any CPU
		{50D5D003-C237-401E-BBB4-D04A0DB41434}.Debug|x86.Build.0 = Debug|Any CPU
		{50D5D003-C237-401E-BBB4-D04A0DB41434}.Release|Any CPU.ActiveCfg = Release|Any CPU
		{50D5D003-C237-401E-BBB4-D04A0DB41434}.Release|Any CPU.Build.0 = Release|Any CPU
		{50D5D003-C237-401E-BBB4-D04A0DB41434}.Release|x64.ActiveCfg = Release|Any CPU
		{50D5D003-C237-401E-BBB4-D04A0DB41434}.Release|x64.Build.0 = Release|Any CPU
		{50D5D003-C237-401E-BBB4-D04A0DB41434}.Release|x86.ActiveCfg = Release|Any CPU
		{50D5D003-C237-401E-BBB4-D04A0DB41434}.Release|x86.Build.0 = Release|Any CPU
		{DB2022E0-E722-4D1C-808D-670B38183866}.Debug|Any CPU.ActiveCfg = Debug|Any CPU
		{DB2022E0-E722-4D1C-808D-670B38183866}.Debug|Any CPU.Build.0 = Debug|Any CPU
		{DB2022E0-E722-4D1C-808D-670B38183866}.Debug|x64.ActiveCfg = Debug|Any CPU
		{DB2022E0-E722-4D1C-808D-670B38183866}.Debug|x64.Build.0 = Debug|Any CPU
		{DB2022E0-E722-4D1C-808D-670B38183866}.Debug|x86.ActiveCfg = Debug|Any CPU
		{DB2022E0-E722-4D1C-808D-670B38183866}.Debug|x86.Build.0 = Debug|Any CPU
		{DB2022E0-E722-4D1C-808D-670B38183866}.Release|Any CPU.ActiveCfg = Release|Any CPU
		{DB2022E0-E722-4D1C-808D-670B38183866}.Release|Any CPU.Build.0 = Release|Any CPU
		{DB2022E0-E722-4D1C-808D-670B38183866}.Release|x64.ActiveCfg = Release|Any CPU
		{DB2022E0-E722-4D1C-808D-670B38183866}.Release|x64.Build.0 = Release|Any CPU
		{DB2022E0-E722-4D1C-808D-670B38183866}.Release|x86.ActiveCfg = Release|Any CPU
		{DB2022E0-E722-4D1C-808D-670B38183866}.Release|x86.Build.0 = Release|Any CPU
		{42CD879D-E070-42C6-87D3-7F14F362DAAE}.Debug|Any CPU.ActiveCfg = Debug|Any CPU
		{42CD879D-E070-42C6-87D3-7F14F362DAAE}.Debug|Any CPU.Build.0 = Debug|Any CPU
		{42CD879D-E070-42C6-87D3-7F14F362DAAE}.Debug|x64.ActiveCfg = Debug|Any CPU
		{42CD879D-E070-42C6-87D3-7F14F362DAAE}.Debug|x64.Build.0 = Debug|Any CPU
		{42CD879D-E070-42C6-87D3-7F14F362DAAE}.Debug|x86.ActiveCfg = Debug|Any CPU
		{42CD879D-E070-42C6-87D3-7F14F362DAAE}.Debug|x86.Build.0 = Debug|Any CPU
		{42CD879D-E070-42C6-87D3-7F14F362DAAE}.Release|Any CPU.ActiveCfg = Release|Any CPU
		{42CD879D-E070-42C6-87D3-7F14F362DAAE}.Release|Any CPU.Build.0 = Release|Any CPU
		{42CD879D-E070-42C6-87D3-7F14F362DAAE}.Release|x64.ActiveCfg = Release|Any CPU
		{42CD879D-E070-42C6-87D3-7F14F362DAAE}.Release|x64.Build.0 = Release|Any CPU
		{42CD879D-E070-42C6-87D3-7F14F362DAAE}.Release|x86.ActiveCfg = Release|Any CPU
		{42CD879D-E070-42C6-87D3-7F14F362DAAE}.Release|x86.Build.0 = Release|Any CPU
		{A813A7F5-78C9-48E7-873F-B9C37B3C2C78}.Debug|Any CPU.ActiveCfg = Debug|Any CPU
		{A813A7F5-78C9-48E7-873F-B9C37B3C2C78}.Debug|Any CPU.Build.0 = Debug|Any CPU
		{A813A7F5-78C9-48E7-873F-B9C37B3C2C78}.Debug|x64.ActiveCfg = Debug|Any CPU
		{A813A7F5-78C9-48E7-873F-B9C37B3C2C78}.Debug|x64.Build.0 = Debug|Any CPU
		{A813A7F5-78C9-48E7-873F-B9C37B3C2C78}.Debug|x86.ActiveCfg = Debug|Any CPU
		{A813A7F5-78C9-48E7-873F-B9C37B3C2C78}.Debug|x86.Build.0 = Debug|Any CPU
		{A813A7F5-78C9-48E7-873F-B9C37B3C2C78}.Release|Any CPU.ActiveCfg = Release|Any CPU
		{A813A7F5-78C9-48E7-873F-B9C37B3C2C78}.Release|Any CPU.Build.0 = Release|Any CPU
		{A813A7F5-78C9-48E7-873F-B9C37B3C2C78}.Release|x64.ActiveCfg = Release|Any CPU
		{A813A7F5-78C9-48E7-873F-B9C37B3C2C78}.Release|x64.Build.0 = Release|Any CPU
		{A813A7F5-78C9-48E7-873F-B9C37B3C2C78}.Release|x86.ActiveCfg = Release|Any CPU
		{A813A7F5-78C9-48E7-873F-B9C37B3C2C78}.Release|x86.Build.0 = Release|Any CPU
		{1A8D3257-9D0F-41A6-B808-AD417E3370B5}.Debug|Any CPU.ActiveCfg = Debug|Any CPU
		{1A8D3257-9D0F-41A6-B808-AD417E3370B5}.Debug|Any CPU.Build.0 = Debug|Any CPU
		{1A8D3257-9D0F-41A6-B808-AD417E3370B5}.Debug|x64.ActiveCfg = Debug|Any CPU
		{1A8D3257-9D0F-41A6-B808-AD417E3370B5}.Debug|x64.Build.0 = Debug|Any CPU
		{1A8D3257-9D0F-41A6-B808-AD417E3370B5}.Debug|x86.ActiveCfg = Debug|Any CPU
		{1A8D3257-9D0F-41A6-B808-AD417E3370B5}.Debug|x86.Build.0 = Debug|Any CPU
		{1A8D3257-9D0F-41A6-B808-AD417E3370B5}.Release|Any CPU.ActiveCfg = Release|Any CPU
		{1A8D3257-9D0F-41A6-B808-AD417E3370B5}.Release|Any CPU.Build.0 = Release|Any CPU
		{1A8D3257-9D0F-41A6-B808-AD417E3370B5}.Release|x64.ActiveCfg = Release|Any CPU
		{1A8D3257-9D0F-41A6-B808-AD417E3370B5}.Release|x64.Build.0 = Release|Any CPU
		{1A8D3257-9D0F-41A6-B808-AD417E3370B5}.Release|x86.ActiveCfg = Release|Any CPU
		{1A8D3257-9D0F-41A6-B808-AD417E3370B5}.Release|x86.Build.0 = Release|Any CPU
		{04766F13-6B64-4ED4-9182-F48ECA70166A}.Debug|Any CPU.ActiveCfg = Debug|Any CPU
		{04766F13-6B64-4ED4-9182-F48ECA70166A}.Debug|Any CPU.Build.0 = Debug|Any CPU
		{04766F13-6B64-4ED4-9182-F48ECA70166A}.Debug|x64.ActiveCfg = Debug|Any CPU
		{04766F13-6B64-4ED4-9182-F48ECA70166A}.Debug|x64.Build.0 = Debug|Any CPU
		{04766F13-6B64-4ED4-9182-F48ECA70166A}.Debug|x86.ActiveCfg = Debug|Any CPU
		{04766F13-6B64-4ED4-9182-F48ECA70166A}.Debug|x86.Build.0 = Debug|Any CPU
		{04766F13-6B64-4ED4-9182-F48ECA70166A}.Release|Any CPU.ActiveCfg = Release|Any CPU
		{04766F13-6B64-4ED4-9182-F48ECA70166A}.Release|Any CPU.Build.0 = Release|Any CPU
		{04766F13-6B64-4ED4-9182-F48ECA70166A}.Release|x64.ActiveCfg = Release|Any CPU
		{04766F13-6B64-4ED4-9182-F48ECA70166A}.Release|x64.Build.0 = Release|Any CPU
		{04766F13-6B64-4ED4-9182-F48ECA70166A}.Release|x86.ActiveCfg = Release|Any CPU
		{04766F13-6B64-4ED4-9182-F48ECA70166A}.Release|x86.Build.0 = Release|Any CPU
	EndGlobalSection
	GlobalSection(SolutionProperties) = preSolution
		HideSolutionNode = FALSE
	EndGlobalSection
	GlobalSection(NestedProjects) = preSolution
		{22F18BE9-6A5F-40AB-BC7F-8F57FD4502D7} = {ED583998-2F05-47AB-AA1D-82620C65D881}
		{50D5D003-C237-401E-BBB4-D04A0DB41434} = {ED583998-2F05-47AB-AA1D-82620C65D881}
		{DB2022E0-E722-4D1C-808D-670B38183866} = {ED583998-2F05-47AB-AA1D-82620C65D881}
		{42CD879D-E070-42C6-87D3-7F14F362DAAE} = {ED583998-2F05-47AB-AA1D-82620C65D881}
		{A813A7F5-78C9-48E7-873F-B9C37B3C2C78} = {114A1391-0EA3-49A6-91E7-4D073FA69C89}
		{1A8D3257-9D0F-41A6-B808-AD417E3370B5} = {ED583998-2F05-47AB-AA1D-82620C65D881}
		{04766F13-6B64-4ED4-9182-F48ECA70166A} = {ED583998-2F05-47AB-AA1D-82620C65D881}
	EndGlobalSection
	GlobalSection(ExtensibilityGlobals) = postSolution
		SolutionGuid = {2E1B55D0-F670-442C-8926-8EA46DF68A96}
	EndGlobalSection
EndGlobal
